
Microsoft Visual Studio Solution File, Format Version 12.00
# Visual Studio 15
VisualStudioVersion = 15.0.28010.2003
MinimumVisualStudioVersion = 10.0.40219.1
Project("{FAE04EC0-301F-11D3-BF4B-00C04F79EFBC}") = "VisualTeensy", "VisualTeensy\VisualTeensy.csproj", "{ED408FC4-7F0D-4C4A-8272-D4C45B8ABA51}"
EndProject
Global
	GlobalSection(SolutionConfigurationPlatforms) = preSolution
		Debug|Any CPU = Debug|Any CPU
		Release|Any CPU = Release|Any CPU
	EndGlobalSection
	GlobalSection(ProjectConfigurationPlatforms) = postSolution
		{ED408FC4-7F0D-4C4A-8272-D4C45B8ABA51}.Debug|Any CPU.ActiveCfg = Debug|Any CPU
		{ED408FC4-7F0D-4C4A-8272-D4C45B8ABA51}.Debug|Any CPU.Build.0 = Debug|Any CPU
		{ED408FC4-7F0D-4C4A-8272-D4C45B8ABA51}.Release|Any CPU.ActiveCfg = Release|Any CPU
		{ED408FC4-7F0D-4C4A-8272-D4C45B8ABA51}.Release|Any CPU.Build.0 = Release|Any CPU
	EndGlobalSection
	GlobalSection(SolutionProperties) = preSolution
		HideSolutionNode = FALSE
	EndGlobalSection
	GlobalSection(ExtensibilityGlobals) = postSolution
		SolutionGuid = {0BC01BEC-23D6-4F3D-B3F8-25994A4BB5AA}
	EndGlobalSection
EndGlobal
